# This file is automatically @generated by Cargo.
# It is not intended for manual editing.
[[package]]
name = "endian-type"
version = "0.1.2"
source = "git+https://github.com/spwilson2/endian-type?branch=dev#095bf42a81fc26d0d50a5fd746b25170b6e36368"

[[package]]
name = "fdt-rs"
version = "0.1.0"
dependencies = [
 "endian-type",
]
